
Microsoft Visual Studio Solution File, Format Version 12.00
# Visual Studio Express 2013 for Windows Desktop
VisualStudioVersion = 12.0.31101.0
MinimumVisualStudioVersion = 10.0.40219.1
Project("{FAE04EC0-301F-11D3-BF4B-00C04F79EFBC}") = "Engine", "Engine\Engine.csproj", "{2A639BB6-5711-4C02-8A78-558C90D4A302}"
EndProject
Project("{FAE04EC0-301F-11D3-BF4B-00C04F79EFBC}") = "ThreadPool", "ThreadPool\ThreadPool.csproj", "{EC9A48CA-1AA8-49EA-9CC2-E4F6F36E6416}"
EndProject
Project("{FAE04EC0-301F-11D3-BF4B-00C04F79EFBC}") = "PhysicsSystem", "PhysicsSystem\PhysicsSystem.csproj", "{4DB2560D-C9A0-4B7F-A36C-0415D139D44A}"
EndProject
Project("{2150E333-8FDC-42A3-9474-1A3956D46DE8}") = "Solution Items", "Solution Items", "{18E697BE-E065-4857-8AB6-E98448EF5F41}"
	ProjectSection(SolutionItems) = preProject
		ComponentIDs.txt = ComponentIDs.txt
		ComponentIDs.xml = ComponentIDs.xml
		Messages.xml = Messages.xml
		TODO.txt = TODO.txt
		WorkList.txt = WorkList.txt
	EndProjectSection
EndProject
Project("{FAE04EC0-301F-11D3-BF4B-00C04F79EFBC}") = "RenderSystem", "RenderSystem\RenderSystem.csproj", "{CFF3A588-8ECB-4D3A-969D-95792355B9BC}"
EndProject
Project("{2150E333-8FDC-42A3-9474-1A3956D46DE8}") = "Utils", "Utils", "{6D0D55C2-3CA8-4A52-ABAA-D309FAFD70B2}"
EndProject
Project("{FAE04EC0-301F-11D3-BF4B-00C04F79EFBC}") = "PlanetLib", "PlanetLib\PlanetLib.csproj", "{88E1C015-3039-445D-8888-A36BC7D14F78}"
EndProject
Project("{FAE04EC0-301F-11D3-BF4B-00C04F79EFBC}") = "Shader", "ShaderRuntime\Shader.csproj", "{EA885744-98D1-4317-B700-BC06857B20A3}"
EndProject
Project("{FAE04EC0-301F-11D3-BF4B-00C04F79EFBC}") = "ShaderGenerator", "Utils\ShaderGenerator\ShaderGenerator.csproj", "{AC82D26D-B6CC-4894-BE7D-E787A4BB53F4}"
EndProject
Project("{2150E333-8FDC-42A3-9474-1A3956D46DE8}") = "Test", "Test", "{A6031896-739F-4F2F-8B94-EC90FB3BFC37}"
EndProject
Project("{FAE04EC0-301F-11D3-BF4B-00C04F79EFBC}") = "LibPlanetTest", "Test\LibPlanetTest\LibPlanetTest.csproj", "{FD07418C-54F0-4E8E-9EEC-AFDEF6DE9418}"
EndProject
Project("{FAE04EC0-301F-11D3-BF4B-00C04F79EFBC}") = "MessageParser", "Utils\MessageParser\MessageParser.csproj", "{F7D9987A-1250-411D-B02B-8D5275013A3C}"
EndProject
Global
	GlobalSection(SolutionConfigurationPlatforms) = preSolution
		Debug|Any CPU = Debug|Any CPU
		Release|Any CPU = Release|Any CPU
	EndGlobalSection
	GlobalSection(ProjectConfigurationPlatforms) = postSolution
		{2A639BB6-5711-4C02-8A78-558C90D4A302}.Debug|Any CPU.ActiveCfg = Debug|Any CPU
		{2A639BB6-5711-4C02-8A78-558C90D4A302}.Debug|Any CPU.Build.0 = Debug|Any CPU
		{2A639BB6-5711-4C02-8A78-558C90D4A302}.Release|Any CPU.ActiveCfg = Release|Any CPU
		{2A639BB6-5711-4C02-8A78-558C90D4A302}.Release|Any CPU.Build.0 = Release|Any CPU
		{EC9A48CA-1AA8-49EA-9CC2-E4F6F36E6416}.Debug|Any CPU.ActiveCfg = Debug|Any CPU
		{EC9A48CA-1AA8-49EA-9CC2-E4F6F36E6416}.Debug|Any CPU.Build.0 = Debug|Any CPU
		{EC9A48CA-1AA8-49EA-9CC2-E4F6F36E6416}.Release|Any CPU.ActiveCfg = Release|Any CPU
		{EC9A48CA-1AA8-49EA-9CC2-E4F6F36E6416}.Release|Any CPU.Build.0 = Release|Any CPU
		{4DB2560D-C9A0-4B7F-A36C-0415D139D44A}.Debug|Any CPU.ActiveCfg = Debug|Any CPU
		{4DB2560D-C9A0-4B7F-A36C-0415D139D44A}.Debug|Any CPU.Build.0 = Debug|Any CPU
		{4DB2560D-C9A0-4B7F-A36C-0415D139D44A}.Release|Any CPU.ActiveCfg = Release|Any CPU
		{4DB2560D-C9A0-4B7F-A36C-0415D139D44A}.Release|Any CPU.Build.0 = Release|Any CPU
		{CFF3A588-8ECB-4D3A-969D-95792355B9BC}.Debug|Any CPU.ActiveCfg = Debug|Any CPU
		{CFF3A588-8ECB-4D3A-969D-95792355B9BC}.Debug|Any CPU.Build.0 = Debug|Any CPU
		{CFF3A588-8ECB-4D3A-969D-95792355B9BC}.Release|Any CPU.ActiveCfg = Release|Any CPU
		{CFF3A588-8ECB-4D3A-969D-95792355B9BC}.Release|Any CPU.Build.0 = Release|Any CPU
		{88E1C015-3039-445D-8888-A36BC7D14F78}.Debug|Any CPU.ActiveCfg = Debug|Any CPU
		{88E1C015-3039-445D-8888-A36BC7D14F78}.Debug|Any CPU.Build.0 = Debug|Any CPU
		{88E1C015-3039-445D-8888-A36BC7D14F78}.Release|Any CPU.ActiveCfg = Release|Any CPU
		{88E1C015-3039-445D-8888-A36BC7D14F78}.Release|Any CPU.Build.0 = Release|Any CPU
		{EA885744-98D1-4317-B700-BC06857B20A3}.Debug|Any CPU.ActiveCfg = Debug|Any CPU
		{EA885744-98D1-4317-B700-BC06857B20A3}.Debug|Any CPU.Build.0 = Debug|Any CPU
		{EA885744-98D1-4317-B700-BC06857B20A3}.Release|Any CPU.ActiveCfg = Release|Any CPU
		{EA885744-98D1-4317-B700-BC06857B20A3}.Release|Any CPU.Build.0 = Release|Any CPU
		{AC82D26D-B6CC-4894-BE7D-E787A4BB53F4}.Debug|Any CPU.ActiveCfg = Debug|Any CPU
		{AC82D26D-B6CC-4894-BE7D-E787A4BB53F4}.Debug|Any CPU.Build.0 = Debug|Any CPU
		{AC82D26D-B6CC-4894-BE7D-E787A4BB53F4}.Release|Any CPU.ActiveCfg = Release|Any CPU
		{AC82D26D-B6CC-4894-BE7D-E787A4BB53F4}.Release|Any CPU.Build.0 = Release|Any CPU
		{FD07418C-54F0-4E8E-9EEC-AFDEF6DE9418}.Debug|Any CPU.ActiveCfg = Debug|Any CPU
		{FD07418C-54F0-4E8E-9EEC-AFDEF6DE9418}.Debug|Any CPU.Build.0 = Debug|Any CPU
		{FD07418C-54F0-4E8E-9EEC-AFDEF6DE9418}.Release|Any CPU.ActiveCfg = Release|Any CPU
		{FD07418C-54F0-4E8E-9EEC-AFDEF6DE9418}.Release|Any CPU.Build.0 = Release|Any CPU
		{F7D9987A-1250-411D-B02B-8D5275013A3C}.Debug|Any CPU.ActiveCfg = Debug|Any CPU
		{F7D9987A-1250-411D-B02B-8D5275013A3C}.Debug|Any CPU.Build.0 = Debug|Any CPU
		{F7D9987A-1250-411D-B02B-8D5275013A3C}.Release|Any CPU.ActiveCfg = Release|Any CPU
		{F7D9987A-1250-411D-B02B-8D5275013A3C}.Release|Any CPU.Build.0 = Release|Any CPU
	EndGlobalSection
	GlobalSection(SolutionProperties) = preSolution
		HideSolutionNode = FALSE
	EndGlobalSection
	GlobalSection(NestedProjects) = preSolution
		{AC82D26D-B6CC-4894-BE7D-E787A4BB53F4} = {6D0D55C2-3CA8-4A52-ABAA-D309FAFD70B2}
		{FD07418C-54F0-4E8E-9EEC-AFDEF6DE9418} = {A6031896-739F-4F2F-8B94-EC90FB3BFC37}
		{F7D9987A-1250-411D-B02B-8D5275013A3C} = {6D0D55C2-3CA8-4A52-ABAA-D309FAFD70B2}
	EndGlobalSection
EndGlobal
